// !$*UTF8*$!
{
	archiveVersion = 1;
	classes = {
	};
	objectVersion = 46;
	objects = {

/* Begin PBXBuildFile section */
		2ABFD84B1E7A242D00FA957B /* main.cpp in Sources */ = {isa = PBXBuildFile; fileRef = 2ABFD84A1E7A242D00FA957B /* main.cpp */; };
		2ABFD8531E80BE7100FA957B /* EmojiLearner.cpp in Sources */ = {isa = PBXBuildFile; fileRef = 2ABFD8511E80BE7100FA957B /* EmojiLearner.cpp */; };
		2ABFD8561E80BE8B00FA957B /* EmojiRecognizer.cpp in Sources */ = {isa = PBXBuildFile; fileRef = 2ABFD8541E80BE8B00FA957B /* EmojiRecognizer.cpp */; };
/* End PBXBuildFile section */

/* Begin PBXCopyFilesBuildPhase section */
		2ABFD8451E7A242D00FA957B /* CopyFiles */ = {
			isa = PBXCopyFilesBuildPhase;
			buildActionMask = 2147483647;
			dstPath = /usr/share/man/man1/;
			dstSubfolderSpec = 0;
			files = (
			);
			runOnlyForDeploymentPostprocessing = 1;
		};
/* End PBXCopyFilesBuildPhase section */

/* Begin PBXFileReference section */
		2ABFD8471E7A242D00FA957B /* CvFaceDectection */ = {isa = PBXFileReference; explicitFileType = "compiled.mach-o.executable"; includeInIndex = 0; path = CvFaceDectection; sourceTree = BUILT_PRODUCTS_DIR; };
		2ABFD84A1E7A242D00FA957B /* main.cpp */ = {isa = PBXFileReference; lastKnownFileType = sourcecode.cpp.cpp; path = main.cpp; sourceTree = "<group>"; };
		2ABFD8511E80BE7100FA957B /* EmojiLearner.cpp */ = {isa = PBXFileReference; fileEncoding = 4; lastKnownFileType = sourcecode.cpp.cpp; path = EmojiLearner.cpp; sourceTree = "<group>"; };
		2ABFD8521E80BE7100FA957B /* EmojiLearner.hpp */ = {isa = PBXFileReference; fileEncoding = 4; lastKnownFileType = sourcecode.cpp.h; path = EmojiLearner.hpp; sourceTree = "<group>"; };
		2ABFD8541E80BE8B00FA957B /* EmojiRecognizer.cpp */ = {isa = PBXFileReference; fileEncoding = 4; lastKnownFileType = sourcecode.cpp.cpp; path = EmojiRecognizer.cpp; sourceTree = "<group>"; };
		2ABFD8551E80BE8B00FA957B /* EmojiRecognizer.hpp */ = {isa = PBXFileReference; fileEncoding = 4; lastKnownFileType = sourcecode.cpp.h; path = EmojiRecognizer.hpp; sourceTree = "<group>"; };
/* End PBXFileReference section */

/* Begin PBXFrameworksBuildPhase section */
		2ABFD8441E7A242D00FA957B /* Frameworks */ = {
			isa = PBXFrameworksBuildPhase;
			buildActionMask = 2147483647;
			files = (
			);
			runOnlyForDeploymentPostprocessing = 0;
		};
/* End PBXFrameworksBuildPhase section */

/* Begin PBXGroup section */
		2ABFD83E1E7A242D00FA957B = {
			isa = PBXGroup;
			children = (
				2ABFD8491E7A242D00FA957B /* CvFaceDectection */,
				2ABFD8481E7A242D00FA957B /* Products */,
			);
			sourceTree = "<group>";
		};
		2ABFD8481E7A242D00FA957B /* Products */ = {
			isa = PBXGroup;
			children = (
				2ABFD8471E7A242D00FA957B /* CvFaceDectection */,
			);
			name = Products;
			sourceTree = "<group>";
		};
		2ABFD8491E7A242D00FA957B /* CvFaceDectection */ = {
			isa = PBXGroup;
			children = (
				2ABFD84A1E7A242D00FA957B /* main.cpp */,
				2ABFD8511E80BE7100FA957B /* EmojiLearner.cpp */,
				2ABFD8521E80BE7100FA957B /* EmojiLearner.hpp */,
				2ABFD8541E80BE8B00FA957B /* EmojiRecognizer.cpp */,
				2ABFD8551E80BE8B00FA957B /* EmojiRecognizer.hpp */,
			);
			path = CvFaceDectection;
			sourceTree = "<group>";
		};
/* End PBXGroup section */

/* Begin PBXNativeTarget section */
		2ABFD8461E7A242D00FA957B /* CvFaceDectection */ = {
			isa = PBXNativeTarget;
			buildConfigurationList = 2ABFD84E1E7A242D00FA957B /* Build configuration list for PBXNativeTarget "CvFaceDectection" */;
			buildPhases = (
				2ABFD8431E7A242D00FA957B /* Sources */,
				2ABFD8441E7A242D00FA957B /* Frameworks */,
				2ABFD8451E7A242D00FA957B /* CopyFiles */,
			);
			buildRules = (
			);
			dependencies = (
			);
			name = CvFaceDectection;
			productName = CvFaceDectection;
			productReference = 2ABFD8471E7A242D00FA957B /* CvFaceDectection */;
			productType = "com.apple.product-type.tool";
		};
/* End PBXNativeTarget section */

/* Begin PBXProject section */
		2ABFD83F1E7A242D00FA957B /* Project object */ = {
			isa = PBXProject;
			attributes = {
				LastUpgradeCheck = 0820;
				ORGANIZATIONNAME = "Kai Zhang";
				TargetAttributes = {
					2ABFD8461E7A242D00FA957B = {
						CreatedOnToolsVersion = 8.2.1;
						ProvisioningStyle = Automatic;
					};
				};
			};
			buildConfigurationList = 2ABFD8421E7A242D00FA957B /* Build configuration list for PBXProject "CvFaceDectection" */;
			compatibilityVersion = "Xcode 3.2";
			developmentRegion = English;
			hasScannedForEncodings = 0;
			knownRegions = (
				en,
			);
			mainGroup = 2ABFD83E1E7A242D00FA957B;
			productRefGroup = 2ABFD8481E7A242D00FA957B /* Products */;
			projectDirPath = "";
			projectRoot = "";
			targets = (
				2ABFD8461E7A242D00FA957B /* CvFaceDectection */,
			);
		};
/* End PBXProject section */

/* Begin PBXSourcesBuildPhase section */
		2ABFD8431E7A242D00FA957B /* Sources */ = {
			isa = PBXSourcesBuildPhase;
			buildActionMask = 2147483647;
			files = (
				2ABFD8561E80BE8B00FA957B /* EmojiRecognizer.cpp in Sources */,
				2ABFD8531E80BE7100FA957B /* EmojiLearner.cpp in Sources */,
				2ABFD84B1E7A242D00FA957B /* main.cpp in Sources */,
			);
			runOnlyForDeploymentPostprocessing = 0;
		};
/* End PBXSourcesBuildPhase section */

/* Begin XCBuildConfiguration section */
		2ABFD84C1E7A242D00FA957B /* Debug */ = {
			isa = XCBuildConfiguration;
			buildSettings = {
				ALWAYS_SEARCH_USER_PATHS = YES;
				CLANG_ANALYZER_NONNULL = YES;
				CLANG_CXX_LANGUAGE_STANDARD = "gnu++0x";
				CLANG_CXX_LIBRARY = "libc++";
				CLANG_ENABLE_MODULES = YES;
				CLANG_ENABLE_OBJC_ARC = YES;
				CLANG_WARN_BOOL_CONVERSION = YES;
				CLANG_WARN_CONSTANT_CONVERSION = YES;
				CLANG_WARN_DIRECT_OBJC_ISA_USAGE = YES_ERROR;
				CLANG_WARN_DOCUMENTATION_COMMENTS = YES;
				CLANG_WARN_EMPTY_BODY = YES;
				CLANG_WARN_ENUM_CONVERSION = YES;
				CLANG_WARN_INFINITE_RECURSION = YES;
				CLANG_WARN_INT_CONVERSION = YES;
				CLANG_WARN_OBJC_ROOT_CLASS = YES_ERROR;
				CLANG_WARN_SUSPICIOUS_MOVE = YES;
				CLANG_WARN_UNREACHABLE_CODE = YES;
				CLANG_WARN__DUPLICATE_METHOD_MATCH = YES;
				CODE_SIGN_IDENTITY = "-";
				COPY_PHASE_STRIP = NO;
				DEBUG_INFORMATION_FORMAT = dwarf;
				ENABLE_STRICT_OBJC_MSGSEND = YES;
				ENABLE_TESTABILITY = YES;
				GCC_C_LANGUAGE_STANDARD = gnu99;
				GCC_DYNAMIC_NO_PIC = NO;
				GCC_NO_COMMON_BLOCKS = YES;
				GCC_OPTIMIZATION_LEVEL = 0;
				GCC_PREPROCESSOR_DEFINITIONS = (
					"DEBUG=1",
					"$(inherited)",
				);
				GCC_WARN_64_TO_32_BIT_CONVERSION = YES;
				GCC_WARN_ABOUT_RETURN_TYPE = YES_ERROR;
				GCC_WARN_UNDECLARED_SELECTOR = YES;
				GCC_WARN_UNINITIALIZED_AUTOS = YES_AGGRESSIVE;
				GCC_WARN_UNUSED_FUNCTION = YES;
				GCC_WARN_UNUSED_VARIABLE = YES;
				HEADER_SEARCH_PATHS = (
					/usr/local/include,
					/Applications/Xcode.app/Contents/Developer/Platforms/MacOSX.platform/Developer/SDKs/MacOSX.sdk/usr/include,
				);
				LIBRARY_SEARCH_PATHS = /usr/local/lib;
				MACOSX_DEPLOYMENT_TARGET = 10.12;
				MTL_ENABLE_DEBUG_INFO = YES;
				ONLY_ACTIVE_ARCH = YES;
				OTHER_LDFLAGS = (
					"-lopencv_calib3d",
					"-lopencv_features2d",
					"-lopencv_core",
					"-lopencv_flann",
					"-lopencv_highgui",
					"-lopencv_imgcodecs",
					"-lopencv_imgproc",
					"-lopencv_ml",
					"-lopencv_objdetect",
					"-lopencv_photo",
					"-lopencv_shape",
					"-lopencv_stitching",
					"-lopencv_superres",
					"-lopencv_video",
					"-lopencv_videoio",
					"-lopencv_videostab",
					"-lopencv_face",
				);
				SDKROOT = macosx;
			};
			name = Debug;
		};
		2ABFD84D1E7A242D00FA957B /* Release */ = {
			isa = XCBuildConfiguration;
			buildSettings = {
				ALWAYS_SEARCH_USER_PATHS = YES;
				CLANG_ANALYZER_NONNULL = YES;
				CLANG_CXX_LANGUAGE_STANDARD = "gnu++0x";
				CLANG_CXX_LIBRARY = "libc++";
				CLANG_ENABLE_MODULES = YES;
				CLANG_ENABLE_OBJC_ARC = YES;
				CLANG_WARN_BOOL_CONVERSION = YES;
				CLANG_WARN_CONSTANT_CONVERSION = YES;
				CLANG_WARN_DIRECT_OBJC_ISA_USAGE = YES_ERROR;
				CLANG_WARN_DOCUMENTATION_COMMENTS = YES;
				CLANG_WARN_EMPTY_BODY = YES;
				CLANG_WARN_ENUM_CONVERSION = YES;
				CLANG_WARN_INFINITE_RECURSION = YES;
				CLANG_WARN_INT_CONVERSION = YES;
				CLANG_WARN_OBJC_ROOT_CLASS = YES_ERROR;
				CLANG_WARN_SUSPICIOUS_MOVE = YES;
				CLANG_WARN_UNREACHABLE_CODE = YES;
				CLANG_WARN__DUPLICATE_METHOD_MATCH = YES;
				CODE_SIGN_IDENTITY = "-";
				COPY_PHASE_STRIP = NO;
				DEBUG_INFORMATION_FORMAT = "dwarf-with-dsym";
				ENABLE_NS_ASSERTIONS = NO;
				ENABLE_STRICT_OBJC_MSGSEND = YES;
				GCC_C_LANGUAGE_STANDARD = gnu99;
				GCC_NO_COMMON_BLOCKS = YES;
				GCC_WARN_64_TO_32_BIT_CONVERSION = YES;
				GCC_WARN_ABOUT_RETURN_TYPE = YES_ERROR;
				GCC_WARN_UNDECLARED_SELECTOR = YES;
				GCC_WARN_UNINITIALIZED_AUTOS = YES_AGGRESSIVE;
				GCC_WARN_UNUSED_FUNCTION = YES;
				GCC_WARN_UNUSED_VARIABLE = YES;
				HEADER_SEARCH_PATHS = (
					/usr/local/include,
					/Applications/Xcode.app/Contents/Developer/Platforms/MacOSX.platform/Developer/SDKs/MacOSX.sdk/usr/include,
				);
				LIBRARY_SEARCH_PATHS = /usr/local/lib;
				MACOSX_DEPLOYMENT_TARGET = 10.12;
				MTL_ENABLE_DEBUG_INFO = NO;
				OTHER_LDFLAGS = (
					"-lopencv_calib3d",
					"-lopencv_features2d",
					"-lopencv_core",
					"-lopencv_flann",
					"-lopencv_highgui",
					"-lopencv_imgcodecs",
					"-lopencv_imgproc",
					"-lopencv_ml",
					"-lopencv_objdetect",
					"-lopencv_photo",
					"-lopencv_shape",
					"-lopencv_stitching",
					"-lopencv_superres",
					"-lopencv_video",
					"-lopencv_videoio",
					"-lopencv_videostab",
					"-lopencv_face",
				);
				SDKROOT = macosx;
			};
			name = Release;
		};
		2ABFD84F1E7A242D00FA957B /* Debug */ = {
			isa = XCBuildConfiguration;
			buildSettings = {
				PRODUCT_NAME = "$(TARGET_NAME)";
			};
			name = Debug;
		};
		2ABFD8501E7A242D00FA957B /* Release */ = {
			isa = XCBuildConfiguration;
			buildSettings = {
				PRODUCT_NAME = "$(TARGET_NAME)";
			};
			name = Release;
		};
/* End XCBuildConfiguration section */

/* Begin XCConfigurationList section */
		2ABFD8421E7A242D00FA957B /* Build configuration list for PBXProject "CvFaceDectection" */ = {
			isa = XCConfigurationList;
			buildConfigurations = (
				2ABFD84C1E7A242D00FA957B /* Debug */,
				2ABFD84D1E7A242D00FA957B /* Release */,
			);
			defaultConfigurationIsVisible = 0;
			defaultConfigurationName = Release;
		};
		2ABFD84E1E7A242D00FA957B /* Build configuration list for PBXNativeTarget "CvFaceDectection" */ = {
			isa = XCConfigurationList;
			buildConfigurations = (
				2ABFD84F1E7A242D00FA957B /* Debug */,
				2ABFD8501E7A242D00FA957B /* Release */,
			);
			defaultConfigurationIsVisible = 0;
		};
/* End XCConfigurationList section */
	};
	rootObject = 2ABFD83F1E7A242D00FA957B /* Project object */;
}
